
Microsoft Visual Studio Solution File, Format Version 12.00
# Visual Studio Version 17
VisualStudioVersion = 17.7.34202.233
MinimumVisualStudioVersion = 10.0.40219.1
Project("{9A19103F-16F7-4668-BE54-9A1E7A4F7556}") = "Parts", "Parts.csproj", "{2621324F-5CFF-4501-9EE5-DF8726653924}"
EndProject
Global
	GlobalSection(SolutionConfigurationPlatforms) = preSolution
		Debug|Any CPU = Debug|Any CPU
		Release|Any CPU = Release|Any CPU
	EndGlobalSection
	GlobalSection(ProjectConfigurationPlatforms) = postSolution
		{2621324F-5CFF-4501-9EE5-DF8726653924}.Debug|Any CPU.ActiveCfg = Debug|Any CPU
		{2621324F-5CFF-4501-9EE5-DF8726653924}.Debug|Any CPU.Build.0 = Debug|Any CPU
		{2621324F-5CFF-4501-9EE5-DF8726653924}.Release|Any CPU.ActiveCfg = Release|Any CPU
		{2621324F-5CFF-4501-9EE5-DF8726653924}.Release|Any CPU.Build.0 = Release|Any CPU
	EndGlobalSection
	GlobalSection(SolutionProperties) = preSolution
		HideSolutionNode = FALSE
	EndGlobalSection
	GlobalSection(ExtensibilityGlobals) = postSolution
		SolutionGuid = {0F94486A-21E6-4359-9C4F-BAE1045BB9B4}
	EndGlobalSection
EndGlobal
